
Microsoft Visual Studio Solution File, Format Version 12.00
# Visual Studio Version 17
VisualStudioVersion = 17.2.32630.192
MinimumVisualStudioVersion = 10.0.40219.1
Project("{9A19103F-16F7-4668-BE54-9A1E7A4F7556}") = "R5T.T0152", "R5T.T0152\R5T.T0152.csproj", "{72628D01-0648-4A2A-9D5C-621852A43D25}"
EndProject
Project("{2150E333-8FDC-42A3-9474-1A3956D46DE8}") = "_Dependencies", "_Dependencies", "{D10A6B39-63E4-4B5E-9980-61E4D0FC0566}"
EndProject
Project("{9A19103F-16F7-4668-BE54-9A1E7A4F7556}") = "R5T.T0142", "..\..\R5T.T0142\source\R5T.T0142\R5T.T0142.csproj", "{A977ABC2-62BF-4C2B-B36F-B30811753CAC}"
EndProject
Project("{9A19103F-16F7-4668-BE54-9A1E7A4F7556}") = "R5T.L0066", "..\..\R5T.L0066\source\R5T.L0066\R5T.L0066.csproj", "{27B91527-F6E0-4B96-9A25-11F5DF38F0A4}"
EndProject
Project("{9A19103F-16F7-4668-BE54-9A1E7A4F7556}") = "R5T.T0131", "..\..\R5T.T0131\source\R5T.T0131\R5T.T0131.csproj", "{6E35B844-FCAB-4D33-80FC-36CF47015085}"
EndProject
Project("{9A19103F-16F7-4668-BE54-9A1E7A4F7556}") = "R5T.T0132", "..\..\R5T.T0132\source\R5T.T0132\R5T.T0132.csproj", "{625E96C5-F4AE-44BD-BE62-6C86FA8DCCC0}"
EndProject
Project("{9A19103F-16F7-4668-BE54-9A1E7A4F7556}") = "R5T.T0143", "..\..\R5T.T0143\source\R5T.T0143\R5T.T0143.csproj", "{630DE0A6-7A82-445C-AE33-F85BEC0B886E}"
EndProject
Project("{9A19103F-16F7-4668-BE54-9A1E7A4F7556}") = "R5T.T0156", "..\..\R5T.T0156\source\R5T.T0156\R5T.T0156.csproj", "{6B0DDF84-3460-40EA-B145-0A55CE2905DB}"
EndProject
Project("{9A19103F-16F7-4668-BE54-9A1E7A4F7556}") = "R5T.T0241", "..\..\R5T.T0241\source\R5T.T0241\R5T.T0241.csproj", "{F765FDBA-17E2-46CF-ADED-9F6063EDD8E0}"
EndProject
Project("{9A19103F-16F7-4668-BE54-9A1E7A4F7556}") = "R5T.Y0006", "..\..\R5T.Y0006\source\R5T.Y0006\R5T.Y0006.csproj", "{E72FBF80-CFB9-4A74-8026-C8F2DD57CBBE}"
EndProject
Global
	GlobalSection(NestedProjects) = preSolution
		{A977ABC2-62BF-4C2B-B36F-B30811753CAC} = {D10A6B39-63E4-4B5E-9980-61E4D0FC0566}
		{27B91527-F6E0-4B96-9A25-11F5DF38F0A4} = {D10A6B39-63E4-4B5E-9980-61E4D0FC0566}
		{6E35B844-FCAB-4D33-80FC-36CF47015085} = {D10A6B39-63E4-4B5E-9980-61E4D0FC0566}
		{625E96C5-F4AE-44BD-BE62-6C86FA8DCCC0} = {D10A6B39-63E4-4B5E-9980-61E4D0FC0566}
		{630DE0A6-7A82-445C-AE33-F85BEC0B886E} = {D10A6B39-63E4-4B5E-9980-61E4D0FC0566}
		{6B0DDF84-3460-40EA-B145-0A55CE2905DB} = {D10A6B39-63E4-4B5E-9980-61E4D0FC0566}
		{F765FDBA-17E2-46CF-ADED-9F6063EDD8E0} = {D10A6B39-63E4-4B5E-9980-61E4D0FC0566}
		{E72FBF80-CFB9-4A74-8026-C8F2DD57CBBE} = {D10A6B39-63E4-4B5E-9980-61E4D0FC0566}
	EndGlobalSection
	GlobalSection(SolutionConfigurationPlatforms) = preSolution
		Debug|Any CPU = Debug|Any CPU
		Release|Any CPU = Release|Any CPU
	EndGlobalSection
	GlobalSection(ProjectConfigurationPlatforms) = postSolution
		{72628D01-0648-4A2A-9D5C-621852A43D25}.Debug|Any CPU.ActiveCfg = Debug|Any CPU
		{72628D01-0648-4A2A-9D5C-621852A43D25}.Debug|Any CPU.Build.0 = Debug|Any CPU
		{72628D01-0648-4A2A-9D5C-621852A43D25}.Release|Any CPU.ActiveCfg = Release|Any CPU
		{72628D01-0648-4A2A-9D5C-621852A43D25}.Release|Any CPU.Build.0 = Release|Any CPU
		{A977ABC2-62BF-4C2B-B36F-B30811753CAC}.Debug|Any CPU.ActiveCfg = Debug|Any CPU
		{A977ABC2-62BF-4C2B-B36F-B30811753CAC}.Debug|Any CPU.Build.0 = Debug|Any CPU
		{A977ABC2-62BF-4C2B-B36F-B30811753CAC}.Release|Any CPU.ActiveCfg = Release|Any CPU
		{A977ABC2-62BF-4C2B-B36F-B30811753CAC}.Release|Any CPU.Build.0 = Release|Any CPU
		{27B91527-F6E0-4B96-9A25-11F5DF38F0A4}.Debug|Any CPU.ActiveCfg = Debug|Any CPU
		{27B91527-F6E0-4B96-9A25-11F5DF38F0A4}.Debug|Any CPU.Build.0 = Debug|Any CPU
		{27B91527-F6E0-4B96-9A25-11F5DF38F0A4}.Release|Any CPU.ActiveCfg = Release|Any CPU
		{27B91527-F6E0-4B96-9A25-11F5DF38F0A4}.Release|Any CPU.Build.0 = Release|Any CPU
		{6E35B844-FCAB-4D33-80FC-36CF47015085}.Debug|Any CPU.ActiveCfg = Debug|Any CPU
		{6E35B844-FCAB-4D33-80FC-36CF47015085}.Debug|Any CPU.Build.0 = Debug|Any CPU
		{6E35B844-FCAB-4D33-80FC-36CF47015085}.Release|Any CPU.ActiveCfg = Release|Any CPU
		{6E35B844-FCAB-4D33-80FC-36CF47015085}.Release|Any CPU.Build.0 = Release|Any CPU
		{625E96C5-F4AE-44BD-BE62-6C86FA8DCCC0}.Debug|Any CPU.ActiveCfg = Debug|Any CPU
		{625E96C5-F4AE-44BD-BE62-6C86FA8DCCC0}.Debug|Any CPU.Build.0 = Debug|Any CPU
		{625E96C5-F4AE-44BD-BE62-6C86FA8DCCC0}.Release|Any CPU.ActiveCfg = Release|Any CPU
		{625E96C5-F4AE-44BD-BE62-6C86FA8DCCC0}.Release|Any CPU.Build.0 = Release|Any CPU
		{630DE0A6-7A82-445C-AE33-F85BEC0B886E}.Debug|Any CPU.ActiveCfg = Debug|Any CPU
		{630DE0A6-7A82-445C-AE33-F85BEC0B886E}.Debug|Any CPU.Build.0 = Debug|Any CPU
		{630DE0A6-7A82-445C-AE33-F85BEC0B886E}.Release|Any CPU.ActiveCfg = Release|Any CPU
		{630DE0A6-7A82-445C-AE33-F85BEC0B886E}.Release|Any CPU.Build.0 = Release|Any CPU
		{6B0DDF84-3460-40EA-B145-0A55CE2905DB}.Debug|Any CPU.ActiveCfg = Debug|Any CPU
		{6B0DDF84-3460-40EA-B145-0A55CE2905DB}.Debug|Any CPU.Build.0 = Debug|Any CPU
		{6B0DDF84-3460-40EA-B145-0A55CE2905DB}.Release|Any CPU.ActiveCfg = Release|Any CPU
		{6B0DDF84-3460-40EA-B145-0A55CE2905DB}.Release|Any CPU.Build.0 = Release|Any CPU
		{F765FDBA-17E2-46CF-ADED-9F6063EDD8E0}.Debug|Any CPU.ActiveCfg = Debug|Any CPU
		{F765FDBA-17E2-46CF-ADED-9F6063EDD8E0}.Debug|Any CPU.Build.0 = Debug|Any CPU
		{F765FDBA-17E2-46CF-ADED-9F6063EDD8E0}.Release|Any CPU.ActiveCfg = Release|Any CPU
		{F765FDBA-17E2-46CF-ADED-9F6063EDD8E0}.Release|Any CPU.Build.0 = Release|Any CPU
		{E72FBF80-CFB9-4A74-8026-C8F2DD57CBBE}.Debug|Any CPU.ActiveCfg = Debug|Any CPU
		{E72FBF80-CFB9-4A74-8026-C8F2DD57CBBE}.Debug|Any CPU.Build.0 = Debug|Any CPU
		{E72FBF80-CFB9-4A74-8026-C8F2DD57CBBE}.Release|Any CPU.ActiveCfg = Release|Any CPU
		{E72FBF80-CFB9-4A74-8026-C8F2DD57CBBE}.Release|Any CPU.Build.0 = Release|Any CPU
	EndGlobalSection
	GlobalSection(SolutionProperties) = preSolution
		HideSolutionNode = FALSE
	EndGlobalSection
	GlobalSection(ExtensibilityGlobals) = postSolution
		SolutionGuid = {2C483E92-74B3-4809-B999-34646505ADD4}
	EndGlobalSection
EndGlobal
